// !$*UTF8*$!
{
	archiveVersion = 1;
	classes = {
	};
	objectVersion = 55;
	objects = {

/* Begin PBXBuildFile section */
		023E7FA2284F7D1200E20B2F /* AppDelegate.swift in Sources */ = {isa = PBXBuildFile; fileRef = 023E7FA1284F7D1200E20B2F /* AppDelegate.swift */; };
		023E7FA4284F7D1200E20B2F /* SceneDelegate.swift in Sources */ = {isa = PBXBuildFile; fileRef = 023E7FA3284F7D1200E20B2F /* SceneDelegate.swift */; };
		023E7FA6284F7D1200E20B2F /* ViewController.swift in Sources */ = {isa = PBXBuildFile; fileRef = 023E7FA5284F7D1200E20B2F /* ViewController.swift */; };
		023E7FA9284F7D1200E20B2F /* Main.storyboard in Resources */ = {isa = PBXBuildFile; fileRef = 023E7FA7284F7D1200E20B2F /* Main.storyboard */; };
		023E7FAB284F7D1600E20B2F /* Assets.xcassets in Resources */ = {isa = PBXBuildFile; fileRef = 023E7FAA284F7D1600E20B2F /* Assets.xcassets */; };
		023E7FAE284F7D1600E20B2F /* LaunchScreen.storyboard in Resources */ = {isa = PBXBuildFile; fileRef = 023E7FAC284F7D1600E20B2F /* LaunchScreen.storyboard */; };
		023E7FB6284F7DED00E20B2F /* TableViewController.swift in Sources */ = {isa = PBXBuildFile; fileRef = 023E7FB5284F7DED00E20B2F /* TableViewController.swift */; };
		023E800F28503F6100E20B2F /* Detail.swift in Sources */ = {isa = PBXBuildFile; fileRef = 023E800E28503F6100E20B2F /* Detail.swift */; };
/* End PBXBuildFile section */

/* Begin PBXFileReference section */
		023E7F9E284F7D1200E20B2F /* 4th-HW-NavigationExercise.app */ = {isa = PBXFileReference; explicitFileType = wrapper.application; includeInIndex = 0; path = "4th-HW-NavigationExercise.app"; sourceTree = BUILT_PRODUCTS_DIR; };
		023E7FA1284F7D1200E20B2F /* AppDelegate.swift */ = {isa = PBXFileReference; lastKnownFileType = sourcecode.swift; path = AppDelegate.swift; sourceTree = "<group>"; };
		023E7FA3284F7D1200E20B2F /* SceneDelegate.swift */ = {isa = PBXFileReference; lastKnownFileType = sourcecode.swift; path = SceneDelegate.swift; sourceTree = "<group>"; };
		023E7FA5284F7D1200E20B2F /* ViewController.swift */ = {isa = PBXFileReference; lastKnownFileType = sourcecode.swift; path = ViewController.swift; sourceTree = "<group>"; };
		023E7FA8284F7D1200E20B2F /* Base */ = {isa = PBXFileReference; lastKnownFileType = file.storyboard; name = Base; path = Base.lproj/Main.storyboard; sourceTree = "<group>"; };
		023E7FAA284F7D1600E20B2F /* Assets.xcassets */ = {isa = PBXFileReference; lastKnownFileType = folder.assetcatalog; path = Assets.xcassets; sourceTree = "<group>"; };
		023E7FAD284F7D1600E20B2F /* Base */ = {isa = PBXFileReference; lastKnownFileType = file.storyboard; name = Base; path = Base.lproj/LaunchScreen.storyboard; sourceTree = "<group>"; };
		023E7FAF284F7D1600E20B2F /* Info.plist */ = {isa = PBXFileReference; lastKnownFileType = text.plist.xml; path = Info.plist; sourceTree = "<group>"; };
		023E7FB5284F7DED00E20B2F /* TableViewController.swift */ = {isa = PBXFileReference; lastKnownFileType = sourcecode.swift; path = TableViewController.swift; sourceTree = "<group>"; };
		023E800E28503F6100E20B2F /* Detail.swift */ = {isa = PBXFileReference; lastKnownFileType = sourcecode.swift; path = Detail.swift; sourceTree = "<group>"; };
/* End PBXFileReference section */

/* Begin PBXFrameworksBuildPhase section */
		023E7F9B284F7D1200E20B2F /* Frameworks */ = {
			isa = PBXFrameworksBuildPhase;
			buildActionMask = 2147483647;
			files = (
			);
			runOnlyForDeploymentPostprocessing = 0;
		};
/* End PBXFrameworksBuildPhase section */

/* Begin PBXGroup section */
		023E7F95284F7D1200E20B2F = {
			isa = PBXGroup;
			children = (
				023E7FA0284F7D1200E20B2F /* Excercise */,
				023E7F9F284F7D1200E20B2F /* Products */,
			);
			sourceTree = "<group>";
		};
		023E7F9F284F7D1200E20B2F /* Products */ = {
			isa = PBXGroup;
			children = (
				023E7F9E284F7D1200E20B2F /* 4th-HW-NavigationExercise.app */,
			);
			name = Products;
			sourceTree = "<group>";
		};
		023E7FA0284F7D1200E20B2F /* Excercise */ = {
			isa = PBXGroup;
			children = (
				023E7FA1284F7D1200E20B2F /* AppDelegate.swift */,
				023E7FA3284F7D1200E20B2F /* SceneDelegate.swift */,
				023E7FA5284F7D1200E20B2F /* ViewController.swift */,
				023E7FB5284F7DED00E20B2F /* TableViewController.swift */,
				023E7FA7284F7D1200E20B2F /* Main.storyboard */,
				023E7FAA284F7D1600E20B2F /* Assets.xcassets */,
				023E7FAC284F7D1600E20B2F /* LaunchScreen.storyboard */,
				023E7FAF284F7D1600E20B2F /* Info.plist */,
				023E800E28503F6100E20B2F /* Detail.swift */,
			);
			path = Excercise;
			sourceTree = "<group>";
		};
/* End PBXGroup section */

/* Begin PBXNativeTarget section */
		023E7F9D284F7D1200E20B2F /* 4th-HW-NavigationExercise */ = {
			isa = PBXNativeTarget;
			buildConfigurationList = 023E7FB2284F7D1600E20B2F /* Build configuration list for PBXNativeTarget "4th-HW-NavigationExercise" */;
			buildPhases = (
				023E7F9A284F7D1200E20B2F /* Sources */,
				023E7F9B284F7D1200E20B2F /* Frameworks */,
				023E7F9C284F7D1200E20B2F /* Resources */,
			);
			buildRules = (
			);
			dependencies = (
			);
			name = "4th-HW-NavigationExercise";
			productName = Excercise;
			productReference = 023E7F9E284F7D1200E20B2F /* 4th-HW-NavigationExercise.app */;
			productType = "com.apple.product-type.application";
		};
/* End PBXNativeTarget section */

/* Begin PBXProject section */
		023E7F96284F7D1200E20B2F /* Project object */ = {
			isa = PBXProject;
			attributes = {
				BuildIndependentTargetsInParallel = 1;
				LastSwiftUpdateCheck = 1340;
				LastUpgradeCheck = 1340;
				TargetAttributes = {
					023E7F9D284F7D1200E20B2F = {
						CreatedOnToolsVersion = 13.4;
					};
				};
			};
			buildConfigurationList = 023E7F99284F7D1200E20B2F /* Build configuration list for PBXProject "4th-HW-NavigationExercise" */;
			compatibilityVersion = "Xcode 13.0";
			developmentRegion = en;
			hasScannedForEncodings = 0;
			knownRegions = (
				en,
				Base,
			);
			mainGroup = 023E7F95284F7D1200E20B2F;
			productRefGroup = 023E7F9F284F7D1200E20B2F /* Products */;
			projectDirPath = "";
			projectRoot = "";
			targets = (
				023E7F9D284F7D1200E20B2F /* 4th-HW-NavigationExercise */,
			);
		};
/* End PBXProject section */

/* Begin PBXResourcesBuildPhase section */
		023E7F9C284F7D1200E20B2F /* Resources */ = {
			isa = PBXResourcesBuildPhase;
			buildActionMask = 2147483647;
			files = (
				023E7FAE284F7D1600E20B2F /* LaunchScreen.storyboard in Resources */,
				023E7FAB284F7D1600E20B2F /* Assets.xcassets in Resources */,
				023E7FA9284F7D1200E20B2F /* Main.storyboard in Resources */,
			);
			runOnlyForDeploymentPostprocessing = 0;
		};
/* End PBXResourcesBuildPhase section */

/* Begin PBXSourcesBuildPhase section */
		023E7F9A284F7D1200E20B2F /* Sources */ = {
			isa = PBXSourcesBuildPhase;
			buildActionMask = 2147483647;
			files = (
				023E7FA6284F7D1200E20B2F /* ViewController.swift in Sources */,
				023E800F28503F6100E20B2F /* Detail.swift in Sources */,
				023E7FA2284F7D1200E20B2F /* AppDelegate.swift in Sources */,
				023E7FA4284F7D1200E20B2F /* SceneDelegate.swift in Sources */,
				023E7FB6284F7DED00E20B2F /* TableViewController.swift in Sources */,
			);
			runOnlyForDeploymentPostprocessing = 0;
		};
/* End PBXSourcesBuildPhase section */

/* Begin PBXVariantGroup section */
		023E7FA7284F7D1200E20B2F /* Main.storyboard */ = {
			isa = PBXVariantGroup;
			children = (
				023E7FA8284F7D1200E20B2F /* Base */,
			);
			name = Main.storyboard;
			sourceTree = "<group>";
		};
		023E7FAC284F7D1600E20B2F /* LaunchScreen.storyboard */ = {
			isa = PBXVariantGroup;
			children = (
				023E7FAD284F7D1600E20B2F /* Base */,
			);
			name = LaunchScreen.storyboard;
			sourceTree = "<group>";
		};
/* End PBXVariantGroup section */

/* Begin XCBuildConfiguration section */
		023E7FB0284F7D1600E20B2F /* Debug */ = {
			isa = XCBuildConfiguration;
			buildSettings = {
				ALWAYS_SEARCH_USER_PATHS = NO;
				CLANG_ANALYZER_NONNULL = YES;
				CLANG_ANALYZER_NUMBER_OBJECT_CONVERSION = YES_AGGRESSIVE;
				CLANG_CXX_LANGUAGE_STANDARD = "gnu++17";
				CLANG_ENABLE_MODULES = YES;
				CLANG_ENABLE_OBJC_ARC = YES;
				CLANG_ENABLE_OBJC_WEAK = YES;
				CLANG_WARN_BLOCK_CAPTURE_AUTORELEASING = YES;
				CLANG_WARN_BOOL_CONVERSION = YES;
				CLANG_WARN_COMMA = YES;
				CLANG_WARN_CONSTANT_CONVERSION = YES;
				CLANG_WARN_DEPRECATED_OBJC_IMPLEMENTATIONS = YES;
				CLANG_WARN_DIRECT_OBJC_ISA_USAGE = YES_ERROR;
				CLANG_WARN_DOCUMENTATION_COMMENTS = YES;
				CLANG_WARN_EMPTY_BODY = YES;
				CLANG_WARN_ENUM_CONVERSION = YES;
				CLANG_WARN_INFINITE_RECURSION = YES;
				CLANG_WARN_INT_CONVERSION = YES;
				CLANG_WARN_NON_LITERAL_NULL_CONVERSION = YES;
				CLANG_WARN_OBJC_IMPLICIT_RETAIN_SELF = YES;
				CLANG_WARN_OBJC_LITERAL_CONVERSION = YES;
				CLANG_WARN_OBJC_ROOT_CLASS = YES_ERROR;
				CLANG_WARN_QUOTED_INCLUDE_IN_FRAMEWORK_HEADER = YES;
				CLANG_WARN_RANGE_LOOP_ANALYSIS = YES;
				CLANG_WARN_STRICT_PROTOTYPES = YES;
				CLANG_WARN_SUSPICIOUS_MOVE = YES;
				CLANG_WARN_UNGUARDED_AVAILABILITY = YES_AGGRESSIVE;
				CLANG_WARN_UNREACHABLE_CODE = YES;
				CLANG_WARN__DUPLICATE_METHOD_MATCH = YES;
				COPY_PHASE_STRIP = NO;
				DEBUG_INFORMATION_FORMAT = dwarf;
				ENABLE_STRICT_OBJC_MSGSEND = YES;
				ENABLE_TESTABILITY = YES;
				GCC_C_LANGUAGE_STANDARD = gnu11;
				GCC_DYNAMIC_NO_PIC = NO;
				GCC_NO_COMMON_BLOCKS = YES;
				GCC_OPTIMIZATION_LEVEL = 0;
				GCC_PREPROCESSOR_DEFINITIONS = (
					"DEBUG=1",
					"$(inherited)",
				);
				GCC_WARN_64_TO_32_BIT_CONVERSION = YES;
				GCC_WARN_ABOUT_RETURN_TYPE = YES_ERROR;
				GCC_WARN_UNDECLARED_SELECTOR = YES;
				GCC_WARN_UNINITIALIZED_AUTOS = YES_AGGRESSIVE;
				GCC_WARN_UNUSED_FUNCTION = YES;
				GCC_WARN_UNUSED_VARIABLE = YES;
				IPHONEOS_DEPLOYMENT_TARGET = 15.5;
				MTL_ENABLE_DEBUG_INFO = INCLUDE_SOURCE;
				MTL_FAST_MATH = YES;
				ONLY_ACTIVE_ARCH = YES;
				SDKROOT = iphoneos;
				SWIFT_ACTIVE_COMPILATION_CONDITIONS = DEBUG;
				SWIFT_OPTIMIZATION_LEVEL = "-Onone";
			};
			name = Debug;
		};
		023E7FB1284F7D1600E20B2F /* Release */ = {
			isa = XCBuildConfiguration;
			buildSettings = {
				ALWAYS_SEARCH_USER_PATHS = NO;
				CLANG_ANALYZER_NONNULL = YES;
				CLANG_ANALYZER_NUMBER_OBJECT_CONVERSION = YES_AGGRESSIVE;
				CLANG_CXX_LANGUAGE_STANDARD = "gnu++17";
				CLANG_ENABLE_MODULES = YES;
				CLANG_ENABLE_OBJC_ARC = YES;
				CLANG_ENABLE_OBJC_WEAK = YES;
				CLANG_WARN_BLOCK_CAPTURE_AUTORELEASING = YES;
				CLANG_WARN_BOOL_CONVERSION = YES;
				CLANG_WARN_COMMA = YES;
				CLANG_WARN_CONSTANT_CONVERSION = YES;
				CLANG_WARN_DEPRECATED_OBJC_IMPLEMENTATIONS = YES;
				CLANG_WARN_DIRECT_OBJC_ISA_USAGE = YES_ERROR;
				CLANG_WARN_DOCUMENTATION_COMMENTS = YES;
				CLANG_WARN_EMPTY_BODY = YES;
				CLANG_WARN_ENUM_CONVERSION = YES;
				CLANG_WARN_INFINITE_RECURSION = YES;
				CLANG_WARN_INT_CONVERSION = YES;
				CLANG_WARN_NON_LITERAL_NULL_CONVERSION = YES;
				CLANG_WARN_OBJC_IMPLICIT_RETAIN_SELF = YES;
				CLANG_WARN_OBJC_LITERAL_CONVERSION = YES;
				CLANG_WARN_OBJC_ROOT_CLASS = YES_ERROR;
				CLANG_WARN_QUOTED_INCLUDE_IN_FRAMEWORK_HEADER = YES;
				CLANG_WARN_RANGE_LOOP_ANALYSIS = YES;
				CLANG_WARN_STRICT_PROTOTYPES = YES;
				CLANG_WARN_SUSPICIOUS_MOVE = YES;
				CLANG_WARN_UNGUARDED_AVAILABILITY = YES_AGGRESSIVE;
				CLANG_WARN_UNREACHABLE_CODE = YES;
				CLANG_WARN__DUPLICATE_METHOD_MATCH = YES;
				COPY_PHASE_STRIP = NO;
				DEBUG_INFORMATION_FORMAT = "dwarf-with-dsym";
				ENABLE_NS_ASSERTIONS = NO;
				ENABLE_STRICT_OBJC_MSGSEND = YES;
				GCC_C_LANGUAGE_STANDARD = gnu11;
				GCC_NO_COMMON_BLOCKS = YES;
				GCC_WARN_64_TO_32_BIT_CONVERSION = YES;
				GCC_WARN_ABOUT_RETURN_TYPE = YES_ERROR;
				GCC_WARN_UNDECLARED_SELECTOR = YES;
				GCC_WARN_UNINITIALIZED_AUTOS = YES_AGGRESSIVE;
				GCC_WARN_UNUSED_FUNCTION = YES;
				GCC_WARN_UNUSED_VARIABLE = YES;
				IPHONEOS_DEPLOYMENT_TARGET = 15.5;
				MTL_ENABLE_DEBUG_INFO = NO;
				MTL_FAST_MATH = YES;
				SDKROOT = iphoneos;
				SWIFT_COMPILATION_MODE = wholemodule;
				SWIFT_OPTIMIZATION_LEVEL = "-O";
				VALIDATE_PRODUCT = YES;
			};
			name = Release;
		};
		023E7FB3284F7D1600E20B2F /* Debug */ = {
			isa = XCBuildConfiguration;
			buildSettings = {
				ASSETCATALOG_COMPILER_APPICON_NAME = AppIcon;
				ASSETCATALOG_COMPILER_GLOBAL_ACCENT_COLOR_NAME = AccentColor;
				CODE_SIGN_STYLE = Automatic;
				CURRENT_PROJECT_VERSION = 1;
				GENERATE_INFOPLIST_FILE = YES;
				INFOPLIST_FILE = Excercise/Info.plist;
				INFOPLIST_KEY_CFBundleDisplayName = "4th-HW-NavigationExercise";
				INFOPLIST_KEY_UIApplicationSupportsIndirectInputEvents = YES;
				INFOPLIST_KEY_UILaunchStoryboardName = LaunchScreen;
				INFOPLIST_KEY_UIMainStoryboardFile = Main;
				INFOPLIST_KEY_UISupportedInterfaceOrientations_iPad = "UIInterfaceOrientationPortrait UIInterfaceOrientationPortraitUpsideDown UIInterfaceOrientationLandscapeLeft UIInterfaceOrientationLandscapeRight";
				INFOPLIST_KEY_UISupportedInterfaceOrientations_iPhone = "UIInterfaceOrientationPortrait UIInterfaceOrientationLandscapeLeft UIInterfaceOrientationLandscapeRight";
				LD_RUNPATH_SEARCH_PATHS = (
					"$(inherited)",
					"@executable_path/Frameworks",
				);
				MARKETING_VERSION = 1.0;
				PRODUCT_BUNDLE_IDENTIFIER = com.robertsoft.training.Excercise;
				PRODUCT_NAME = "$(TARGET_NAME)";
				SWIFT_EMIT_LOC_STRINGS = YES;
				SWIFT_VERSION = 5.0;
				TARGETED_DEVICE_FAMILY = "1,2";
			};
			name = Debug;
		};
		023E7FB4284F7D1600E20B2F /* Release */ = {
			isa = XCBuildConfiguration;
			buildSettings = {
				ASSETCATALOG_COMPILER_APPICON_NAME = AppIcon;
				ASSETCATALOG_COMPILER_GLOBAL_ACCENT_COLOR_NAME = AccentColor;
				CODE_SIGN_STYLE = Automatic;
				CURRENT_PROJECT_VERSION = 1;
				GENERATE_INFOPLIST_FILE = YES;
				INFOPLIST_FILE = Excercise/Info.plist;
				INFOPLIST_KEY_CFBundleDisplayName = "4th-HW-NavigationExercise";
				INFOPLIST_KEY_UIApplicationSupportsIndirectInputEvents = YES;
				INFOPLIST_KEY_UILaunchStoryboardName = LaunchScreen;
				INFOPLIST_KEY_UIMainStoryboardFile = Main;
				INFOPLIST_KEY_UISupportedInterfaceOrientations_iPad = "UIInterfaceOrientationPortrait UIInterfaceOrientationPortraitUpsideDown UIInterfaceOrientationLandscapeLeft UIInterfaceOrientationLandscapeRight";
				INFOPLIST_KEY_UISupportedInterfaceOrientations_iPhone = "UIInterfaceOrientationPortrait UIInterfaceOrientationLandscapeLeft UIInterfaceOrientationLandscapeRight";
				LD_RUNPATH_SEARCH_PATHS = (
					"$(inherited)",
					"@executable_path/Frameworks",
				);
				MARKETING_VERSION = 1.0;
				PRODUCT_BUNDLE_IDENTIFIER = com.robertsoft.training.Excercise;
				PRODUCT_NAME = "$(TARGET_NAME)";
				SWIFT_EMIT_LOC_STRINGS = YES;
				SWIFT_VERSION = 5.0;
				TARGETED_DEVICE_FAMILY = "1,2";
			};
			name = Release;
		};
/* End XCBuildConfiguration section */

/* Begin XCConfigurationList section */
		023E7F99284F7D1200E20B2F /* Build configuration list for PBXProject "4th-HW-NavigationExercise" */ = {
			isa = XCConfigurationList;
			buildConfigurations = (
				023E7FB0284F7D1600E20B2F /* Debug */,
				023E7FB1284F7D1600E20B2F /* Release */,
			);
			defaultConfigurationIsVisible = 0;
			defaultConfigurationName = Release;
		};
		023E7FB2284F7D1600E20B2F /* Build configuration list for PBXNativeTarget "4th-HW-NavigationExercise" */ = {
			isa = XCConfigurationList;
			buildConfigurations = (
				023E7FB3284F7D1600E20B2F /* Debug */,
				023E7FB4284F7D1600E20B2F /* Release */,
			);
			defaultConfigurationIsVisible = 0;
			defaultConfigurationName = Release;
		};
/* End XCConfigurationList section */
	};
	rootObject = 023E7F96284F7D1200E20B2F /* Project object */;
}
